<?xml version="1.0" encoding="UTF-8"?>
<CodeBlocks_project_file>
	<FileVersion major="1" minor="6"/>
	<Project>
		<Option title="openGL_Tutorial_0"/>
		<Option makefile_is_custom="1"/>
		<Option compiler="clang"/>
		<Option virtualFolders="CMake Files\;CMake Files\..\;CMake Files\..\..\;CMake Files\..\..\..\;CMake Files\..\..\..\..\;CMake Files\..\..\..\..\..\;CMake Files\..\..\..\..\..\usr\;CMake Files\..\..\..\..\..\usr\lib\;CMake Files\..\..\..\..\..\usr\lib\x86_64-linux-gnu\;CMake Files\..\..\..\..\..\usr\lib\x86_64-linux-gnu\cmake\;CMake Files\..\..\..\..\..\usr\lib\x86_64-linux-gnu\cmake\glfw3\;"/>
		<Build>
			<Target title="all">
				<Option working_dir="/home/user/fx/openGL/2_gl_organized/Debug"/>
				<Option type="4"/>
				<MakeCommands>
					<Build command="/usr/local/bin/ninja -v all"/>
					<CompileFile command="/usr/local/bin/ninja -v &quot;$file&quot;"/>
					<Clean command="/usr/local/bin/ninja -v clean"/>
					<DistClean command="/usr/local/bin/ninja -v clean"/>
				</MakeCommands>
			</Target>
			<Target title="openGL_Tutorial_0">
				<Option output="/home/user/fx/openGL/2_gl_organized/Debug/openGL_Tutorial_0" prefix_auto="0" extension_auto="0"/>
				<Option working_dir="/home/user/fx/openGL/2_gl_organized/Debug"/>
				<Option object_output="./"/>
				<Option type="1"/>
				<Option compiler="clang"/>
				<Compiler>
					<Add option="-DGLFW_DLL"/>
					<Add directory="/home/user/fx/localLibs/include"/>
					<Add directory="/usr/bin/../lib/gcc/x86_64-linux-gnu/8/../../../../include/c++/8"/>
					<Add directory="/usr/bin/../lib/gcc/x86_64-linux-gnu/8/../../../../include/x86_64-linux-gnu/c++/8"/>
					<Add directory="/usr/bin/../lib/gcc/x86_64-linux-gnu/8/../../../../include/c++/8/backward"/>
					<Add directory="/usr/local/include"/>
					<Add directory="/usr/lib/llvm-10/lib/clang/10.0.1/include"/>
					<Add directory="/usr/include/x86_64-linux-gnu"/>
					<Add directory="/usr/include"/>
				</Compiler>
				<MakeCommands>
					<Build command="/usr/local/bin/ninja -v openGL_Tutorial_0"/>
					<CompileFile command="/usr/local/bin/ninja -v &quot;$file&quot;"/>
					<Clean command="/usr/local/bin/ninja -v clean"/>
					<DistClean command="/usr/local/bin/ninja -v clean"/>
				</MakeCommands>
			</Target>
			<Target title="openGL_Tutorial_0/fast">
				<Option output="/home/user/fx/openGL/2_gl_organized/Debug/openGL_Tutorial_0" prefix_auto="0" extension_auto="0"/>
				<Option working_dir="/home/user/fx/openGL/2_gl_organized/Debug"/>
				<Option object_output="./"/>
				<Option type="1"/>
				<Option compiler="clang"/>
				<Compiler>
					<Add option="-DGLFW_DLL"/>
					<Add directory="/home/user/fx/localLibs/include"/>
					<Add directory="/usr/bin/../lib/gcc/x86_64-linux-gnu/8/../../../../include/c++/8"/>
					<Add directory="/usr/bin/../lib/gcc/x86_64-linux-gnu/8/../../../../include/x86_64-linux-gnu/c++/8"/>
					<Add directory="/usr/bin/../lib/gcc/x86_64-linux-gnu/8/../../../../include/c++/8/backward"/>
					<Add directory="/usr/local/include"/>
					<Add directory="/usr/lib/llvm-10/lib/clang/10.0.1/include"/>
					<Add directory="/usr/include/x86_64-linux-gnu"/>
					<Add directory="/usr/include"/>
				</Compiler>
				<MakeCommands>
					<Build command="/usr/local/bin/ninja -v openGL_Tutorial_0/fast"/>
					<CompileFile command="/usr/local/bin/ninja -v &quot;$file&quot;"/>
					<Clean command="/usr/local/bin/ninja -v clean"/>
					<DistClean command="/usr/local/bin/ninja -v clean"/>
				</MakeCommands>
			</Target>
			<Target title="edit_cache">
				<Option working_dir="/home/user/fx/openGL/2_gl_organized/Debug"/>
				<Option type="4"/>
				<MakeCommands>
					<Build command="/usr/local/bin/ninja -v edit_cache"/>
					<CompileFile command="/usr/local/bin/ninja -v &quot;$file&quot;"/>
					<Clean command="/usr/local/bin/ninja -v clean"/>
					<DistClean command="/usr/local/bin/ninja -v clean"/>
				</MakeCommands>
			</Target>
			<Target title="rebuild_cache">
				<Option working_dir="/home/user/fx/openGL/2_gl_organized/Debug"/>
				<Option type="4"/>
				<MakeCommands>
					<Build command="/usr/local/bin/ninja -v rebuild_cache"/>
					<CompileFile command="/usr/local/bin/ninja -v &quot;$file&quot;"/>
					<Clean command="/usr/local/bin/ninja -v clean"/>
					<DistClean command="/usr/local/bin/ninja -v clean"/>
				</MakeCommands>
			</Target>
		</Build>
		<Unit filename="/home/user/fx/openGL/2_gl_organized/Ebo.cpp">
			<Option target="openGL_Tutorial_0"/>
		</Unit>
		<Unit filename="/home/user/fx/openGL/2_gl_organized/Ebo.h">
			<Option target="openGL_Tutorial_0"/>
		</Unit>
		<Unit filename="/home/user/fx/openGL/2_gl_organized/Shader.cpp">
			<Option target="openGL_Tutorial_0"/>
		</Unit>
		<Unit filename="/home/user/fx/openGL/2_gl_organized/Shader.h">
			<Option target="openGL_Tutorial_0"/>
		</Unit>
		<Unit filename="/home/user/fx/openGL/2_gl_organized/Vao.cpp">
			<Option target="openGL_Tutorial_0"/>
		</Unit>
		<Unit filename="/home/user/fx/openGL/2_gl_organized/Vao.h">
			<Option target="openGL_Tutorial_0"/>
		</Unit>
		<Unit filename="/home/user/fx/openGL/2_gl_organized/Vbo.cpp">
			<Option target="openGL_Tutorial_0"/>
		</Unit>
		<Unit filename="/home/user/fx/openGL/2_gl_organized/Vbo.h">
			<Option target="openGL_Tutorial_0"/>
		</Unit>
		<Unit filename="/home/user/fx/openGL/2_gl_organized/glad.c">
			<Option target="openGL_Tutorial_0"/>
		</Unit>
		<Unit filename="/home/user/fx/openGL/2_gl_organized/main.cpp">
			<Option target="openGL_Tutorial_0"/>
		</Unit>
		<Unit filename="/home/user/fx/openGL/2_gl_organized/CMakeLists.txt">
			<Option virtualFolder="CMake Files\"/>
		</Unit>
		<Unit filename="/home/user/fx/openGL/2_gl_organized/../../../../../usr/lib/x86_64-linux-gnu/cmake/glfw3/glfw3Config.cmake">
			<Option virtualFolder="CMake Files\..\..\..\..\..\usr\lib\x86_64-linux-gnu\cmake\glfw3\"/>
		</Unit>
		<Unit filename="/home/user/fx/openGL/2_gl_organized/../../../../../usr/lib/x86_64-linux-gnu/cmake/glfw3/glfw3ConfigVersion.cmake">
			<Option virtualFolder="CMake Files\..\..\..\..\..\usr\lib\x86_64-linux-gnu\cmake\glfw3\"/>
		</Unit>
		<Unit filename="/home/user/fx/openGL/2_gl_organized/../../../../../usr/lib/x86_64-linux-gnu/cmake/glfw3/glfw3Targets-none.cmake">
			<Option virtualFolder="CMake Files\..\..\..\..\..\usr\lib\x86_64-linux-gnu\cmake\glfw3\"/>
		</Unit>
		<Unit filename="/home/user/fx/openGL/2_gl_organized/../../../../../usr/lib/x86_64-linux-gnu/cmake/glfw3/glfw3Targets.cmake">
			<Option virtualFolder="CMake Files\..\..\..\..\..\usr\lib\x86_64-linux-gnu\cmake\glfw3\"/>
		</Unit>
	</Project>
</CodeBlocks_project_file>
